
Microsoft Visual Studio Solution File, Format Version 12.00
# Visual Studio Version 17
VisualStudioVersion = 17.3.32929.385
MinimumVisualStudioVersion = 10.0.40219.1
Project("{FAE04EC0-301F-11D3-BF4B-00C04F79EFBC}") = "ExercicioHerança", "ExercicioHerança\ExercicioHerança.csproj", "{AEFBD41C-2342-41FC-BBDB-5CB3D071C23F}"
EndProject
Global
	GlobalSection(SolutionConfigurationPlatforms) = preSolution
		Debug|Any CPU = Debug|Any CPU
		Release|Any CPU = Release|Any CPU
	EndGlobalSection
	GlobalSection(ProjectConfigurationPlatforms) = postSolution
		{AEFBD41C-2342-41FC-BBDB-5CB3D071C23F}.Debug|Any CPU.ActiveCfg = Debug|Any CPU
		{AEFBD41C-2342-41FC-BBDB-5CB3D071C23F}.Debug|Any CPU.Build.0 = Debug|Any CPU
		{AEFBD41C-2342-41FC-BBDB-5CB3D071C23F}.Release|Any CPU.ActiveCfg = Release|Any CPU
		{AEFBD41C-2342-41FC-BBDB-5CB3D071C23F}.Release|Any CPU.Build.0 = Release|Any CPU
	EndGlobalSection
	GlobalSection(SolutionProperties) = preSolution
		HideSolutionNode = FALSE
	EndGlobalSection
	GlobalSection(ExtensibilityGlobals) = postSolution
		SolutionGuid = {0AE62A1D-A216-4E16-A883-7B87EA43F1C1}
	EndGlobalSection
EndGlobal
